github.com/franela/goblin v0.0.0-20200404164657-567a4070c437/go.mod h1:VzmDKDJVZI3aJmnRI9VjAn9nJ8qPPsN1fqzr9dqInIo=
github.com/franela/goblin v0.0.0-20211003143422-0a4f594942bf h1:NrF81UtW8gG2LBGkXFQFqlfNnvMt9WdB46sfdJY4oqc=
github.com/franela/goblin v0.0.0-20211003143422-0a4f594942bf/go.mod h1:VzmDKDJVZI3aJmnRI9VjAn9nJ8qPPsN1fqzr9dqInIo=
github.com/intdxdt/algor v0.0.0-20171018025553-b04f84e486fd h1:9rgSasT7VYtzw93yu6gGbTW+JBiWJcoaCiZ1Y+wWQC8=
github.com/intdxdt/algor v0.0.0-20171018025553-b04f84e486fd/go.mod h1:/39eqNevzE7YbmgY5FZTOcaBcGkM63zGC6QBX8Fq9uQ=
github.com/intdxdt/algor v1.0.0 h1:aVpCimTwMyDH41+p+NgW3XakhU7wWgh+cgS4NBpLaGg=
github.com/intdxdt/algor v1.0.0/go.mod h1:PIm6sS+6rDWqimY6PM927RQqqES5nM/JwWidPPn6h0s=
github.com/intdxdt/cmp v0.0.0-20171102110413-58dfeb370ea5 h1:MUMTPeXxc2eWV8qQPGG+7EXdBCWbcsvvWXF/WKleCUE=
github.com/intdxdt/cmp v0.0.0-20171102110413-58dfeb370ea5/go.mod h1:2hCobpYhPtwa+ghiz9vRqIkJlqj7dAns+cGe7UWgwMs=
github.com/intdxdt/cmp v1.0.0 h1:/maS8/ggnklxBmK5BSyB58HumjS5VtCJiM2K2SMvc0c=
github.com/intdxdt/cmp v1.0.0/go.mod h1:6dawtInL7ZFFaHJmE7Puj7b9qfPGUxYd81jqo3z9wJw=
github.com/intdxdt/dbits v0.0.0-20171026062838-f7e9caad92f4/go.mod h1:GLKbRshq9XwOsyiyfx2vRXbKAeDBwo8uNb6pLPDipr4=
github.com/intdxdt/dbits v1.0.0/go.mod h1:qWY/+f1r0hePqFtMvbb1UnM5qWb5ppGmi+2XgJ1VWVQ=
github.com/intdxdt/dbits v1.0.1 h1:Xx1N1ZOeZhtP9HAQkqCUvgJrlpZKgnElJwUptHsduIg=
github.com/intdxdt/heap v0.0.0-20180830201411-bfa61463ae8b h1:bhxl74DHXv67coECwjBhxYaR7AyLz/dp4iCZBMelgQE=
github.com/intdxdt/heap v0.0.0-20180830201411-bfa61463ae8b/go.mod h1:rftfIJ/6uLm3AYAFvmGu4Z017rZVaOrQ2Qsnjl2wKNs=
github.com/intdxdt/math v1.0.0/go.mod h1:/iQnUD7sXRLoOziKeJ628KqhSF3GQi7HdQ3LsbgiKpk=
github.com/intdxdt/math v1.1.0 h1:xY91Vn4O+BQHpRvL/9bRB5uTzx2AiZuSvmX7dEZFfKw=
github.com/intdxdt/math v1.1.0/go.mod h1:bahlwnDeXJatMqSX8f6VUEG+3kUoZC1G9RqhJ6+DI0Q=
github.com/intdxdt/mbr v1.0.0 h1:e6ojEZTyuKZcTw9Epy7W+CCj9FJ99bOuHwiN08kAnEk=
github.com/intdxdt/mbr v1.0.0/go.mod h1:uXexpyXa+e2CojlaEdT6NAIbzRQh+Egt3m7rTo9x6Yc=
github.com/intdxdt/robust v1.0.0/go.mod h1:uIGXMmYcuFItUjeG37oxt0x7RFXdL4MEfXP4uVstLZ0=
github.com/intdxdt/robust v1.0.1 h1:WyyYY3C011oBAYFzBQodY+edhJTalSTrGQIEL+fZgFk=
github.com/intdxdt/robust v1.0.1/go.mod h1:vfmLO6zLX5kmDeZpZ1RwShtncYZszKySQVk8aOdaNOk=
github.com/intdxdt/side v0.0.0-20180508194449-6a1b9bdb46ba h1:mlndBDdH7+MTlaGIavtOLU38m3snidtjBiuUX5qL1Gw=
github.com/intdxdt/side v0.0.0-20180508194449-6a1b9bdb46ba/go.mod h1:bV+7CaGUxJZqgRwYw7piOvLHsFJC/kJyiMAC+qAZiSE=
github.com/intdxdt/sset v0.0.0-20180716051722-847da91b3696 h1:fYSHxilOQX5Ve9eY2PNPeabBw4U6DjLDuNQP2ac5Zx4=
github.com/intdxdt/sset v0.0.0-20180716051722-847da91b3696/go.mod h1:s0NtqRFqmW43rcs8a032FPA7HEMXo8jNat4LnJ8uxrk=
github.com/intdxdt/sset v1.1.0 h1:+ljQl3HFijMMD+nYYIbudGqJYvN5nKcJf9igeGp01q0=
github.com/intdxdt/sset v1.1.0/go.mod h1:DmSdmKPxLCgu3EEEyxgQTqwx7ZBgsJT9iVrx+XqxQPI=
github.com/intdxdt/subsset v0.0.0-20180704174917-aa7d221d338e h1:rF7UiMv1pm55Qk96A+bw+Wl3JzEP7YwqhvFDMlrxXtU=
github.com/intdxdt/subsset v0.0.0-20180704174917-aa7d221d338e/go.mod h1:QdZzTonceNYzTjAL+ZnWFfzZc1q6fDq+2Q2vtGN3wcQ=
github.com/intdxdt/subsset v1.1.0 h1:MrBTfKdDcBcx/OTqHnJwop24nhjgTqFZDp7sOLCAWSg=
github.com/intdxdt/subsset v1.1.0/go.mod h1:py9D9yMZ/43nzqAetkIASrbvRqitMi+XFnT6chQKSHs=
github.com/intdxdt/twiddle v0.0.0-20180605015803-8a5d3aeb2e67/go.mod h1:aos2CXzSXDP82nQmZbxyi3w7TAdnhNZ2kLRm3pI5SjI=
github.com/intdxdt/twiddle v1.0.0/go.mod h1:SOM5zV/wCJBghQXBBoOEqP7r6EqhVqs8E0ohktuN4qo=
github.com/intdxdt/twiddle v1.0.1 h1:UTyO0Gcb39cE+Ofm75Qs7HUO/gNqBnethjCI7OjTR/g=
golang.org/x/exp v0.0.0-20230728194245-b0cb94b80691 h1:/yRP+0AN7mf5DkD3BAI6TOFnd51gEoDEb8o35jIFtgw=
golang.org/x/exp v0.0.0-20230728194245-b0cb94b80691/go.mod h1:FXUEEKJgO7OQYeo8N01OfiKP8RXMtf6e8aTskBGqWdc=
