github.com/franela/goblin v0.0.0-20200404164657-567a4070c437 h1:xwZofahjU6dndU6xXbPmdhOBAB04RIEhlUmdlBvBcIs=
github.com/franela/goblin v0.0.0-20200404164657-567a4070c437/go.mod h1:VzmDKDJVZI3aJmnRI9VjAn9nJ8qPPsN1fqzr9dqInIo=
github.com/intdxdt/algor v0.0.0-20171018025553-b04f84e486fd h1:9rgSasT7VYtzw93yu6gGbTW+JBiWJcoaCiZ1Y+wWQC8=
github.com/intdxdt/algor v0.0.0-20171018025553-b04f84e486fd/go.mod h1:/39eqNevzE7YbmgY5FZTOcaBcGkM63zGC6QBX8Fq9uQ=
github.com/intdxdt/cmp v0.0.0-20171102110413-58dfeb370ea5 h1:MUMTPeXxc2eWV8qQPGG+7EXdBCWbcsvvWXF/WKleCUE=
github.com/intdxdt/cmp v0.0.0-20171102110413-58dfeb370ea5/go.mod h1:2hCobpYhPtwa+ghiz9vRqIkJlqj7dAns+cGe7UWgwMs=
github.com/intdxdt/dbits v0.0.0-20171026062838-f7e9caad92f4/go.mod h1:GLKbRshq9XwOsyiyfx2vRXbKAeDBwo8uNb6pLPDipr4=
github.com/intdxdt/heap v0.0.0-20180830201411-bfa61463ae8b h1:bhxl74DHXv67coECwjBhxYaR7AyLz/dp4iCZBMelgQE=
github.com/intdxdt/heap v0.0.0-20180830201411-bfa61463ae8b/go.mod h1:rftfIJ/6uLm3AYAFvmGu4Z017rZVaOrQ2Qsnjl2wKNs=
github.com/intdxdt/math v1.0.0 h1:zjwziZDSJwuxg6gTY12U2cDoZpAt3sFlpbJzFMaD4qk=
github.com/intdxdt/math v1.0.0/go.mod h1:/iQnUD7sXRLoOziKeJ628KqhSF3GQi7HdQ3LsbgiKpk=
github.com/intdxdt/mbr v1.0.0 h1:e6ojEZTyuKZcTw9Epy7W+CCj9FJ99bOuHwiN08kAnEk=
github.com/intdxdt/mbr v1.0.0/go.mod h1:uXexpyXa+e2CojlaEdT6NAIbzRQh+Egt3m7rTo9x6Yc=
github.com/intdxdt/robust v1.0.0 h1:x5pNk5s7wF4I2s60zM57XSatrK7QXagOctFjmahrsUU=
github.com/intdxdt/robust v1.0.0/go.mod h1:uIGXMmYcuFItUjeG37oxt0x7RFXdL4MEfXP4uVstLZ0=
github.com/intdxdt/side v0.0.0-20180508194449-6a1b9bdb46ba h1:mlndBDdH7+MTlaGIavtOLU38m3snidtjBiuUX5qL1Gw=
github.com/intdxdt/side v0.0.0-20180508194449-6a1b9bdb46ba/go.mod h1:bV+7CaGUxJZqgRwYw7piOvLHsFJC/kJyiMAC+qAZiSE=
github.com/intdxdt/sset v0.0.0-20180716051722-847da91b3696 h1:fYSHxilOQX5Ve9eY2PNPeabBw4U6DjLDuNQP2ac5Zx4=
github.com/intdxdt/sset v0.0.0-20180716051722-847da91b3696/go.mod h1:s0NtqRFqmW43rcs8a032FPA7HEMXo8jNat4LnJ8uxrk=
github.com/intdxdt/subsset v0.0.0-20180704174917-aa7d221d338e h1:rF7UiMv1pm55Qk96A+bw+Wl3JzEP7YwqhvFDMlrxXtU=
github.com/intdxdt/subsset v0.0.0-20180704174917-aa7d221d338e/go.mod h1:QdZzTonceNYzTjAL+ZnWFfzZc1q6fDq+2Q2vtGN3wcQ=
github.com/intdxdt/twiddle v0.0.0-20180605015803-8a5d3aeb2e67/go.mod h1:aos2CXzSXDP82nQmZbxyi3w7TAdnhNZ2kLRm3pI5SjI=
